
Microsoft Visual Studio Solution File, Format Version 12.00
# Visual Studio 14
VisualStudioVersion = 14.0.24720.0
MinimumVisualStudioVersion = 10.0.40219.1
Project("{FAE04EC0-301F-11D3-BF4B-00C04F79EFBC}") = "SecurityDemo", "SecurityDemo\SecurityDemo.csproj", "{143F81CD-F0F4-43FE-96E1-D4C32A8C3586}"
EndProject
Global
	GlobalSection(SolutionConfigurationPlatforms) = preSolution
		Debug|Any CPU = Debug|Any CPU
		Release|Any CPU = Release|Any CPU
	EndGlobalSection
	GlobalSection(ProjectConfigurationPlatforms) = postSolution
		{143F81CD-F0F4-43FE-96E1-D4C32A8C3586}.Debug|Any CPU.ActiveCfg = Debug|Any CPU
		{143F81CD-F0F4-43FE-96E1-D4C32A8C3586}.Debug|Any CPU.Build.0 = Debug|Any CPU
		{143F81CD-F0F4-43FE-96E1-D4C32A8C3586}.Release|Any CPU.ActiveCfg = Release|Any CPU
		{143F81CD-F0F4-43FE-96E1-D4C32A8C3586}.Release|Any CPU.Build.0 = Release|Any CPU
	EndGlobalSection
	GlobalSection(SolutionProperties) = preSolution
		HideSolutionNode = FALSE
	EndGlobalSection
EndGlobal
